
Microsoft Visual Studio Solution File, Format Version 12.00
# Visual Studio 15
Project("{FAE04EC0-301F-11D3-BF4B-00C04F79EFBC}") = "Assembly-CSharp", "Assembly-CSharp.csproj", "{E00A9544-C492-5A44-41FC-035861754A70}"
EndProject
Project("{FAE04EC0-301F-11D3-BF4B-00C04F79EFBC}") = "Assembly-CSharp-firstpass", "Assembly-CSharp-firstpass.csproj", "{9B965AFF-BC57-7E75-45CC-9ABD383C5809}"
EndProject
Project("{FAE04EC0-301F-11D3-BF4B-00C04F79EFBC}") = "Unity.RenderPipelines.HighDefinition.Config.Runtime", "Unity.RenderPipelines.HighDefinition.Config.Runtime.csproj", "{D87CB515-DEF2-5600-3A46-F8DF0C49B533}"
EndProject
Project("{FAE04EC0-301F-11D3-BF4B-00C04F79EFBC}") = "Assembly-CSharp-Editor-firstpass", "Assembly-CSharp-Editor-firstpass.csproj", "{36655036-342B-55C3-A62F-F9FF1210D83F}"
EndProject
Project("{FAE04EC0-301F-11D3-BF4B-00C04F79EFBC}") = "Assembly-CSharp-Editor", "Assembly-CSharp-Editor.csproj", "{D24243E0-9880-87EB-4527-5DAC30468D22}"
EndProject
Global
	GlobalSection(SolutionConfigurationPlatforms) = preSolution
		Debug|Any CPU = Debug|Any CPU
		Release|Any CPU = Release|Any CPU
	EndGlobalSection
	GlobalSection(ProjectConfigurationPlatforms) = postSolution
		{E00A9544-C492-5A44-41FC-035861754A70}.Debug|Any CPU.ActiveCfg = Debug|Any CPU
		{E00A9544-C492-5A44-41FC-035861754A70}.Debug|Any CPU.Build.0 = Debug|Any CPU
		{E00A9544-C492-5A44-41FC-035861754A70}.Release|Any CPU.ActiveCfg = Release|Any CPU
		{E00A9544-C492-5A44-41FC-035861754A70}.Release|Any CPU.Build.0 = Release|Any CPU
		{9B965AFF-BC57-7E75-45CC-9ABD383C5809}.Debug|Any CPU.ActiveCfg = Debug|Any CPU
		{9B965AFF-BC57-7E75-45CC-9ABD383C5809}.Debug|Any CPU.Build.0 = Debug|Any CPU
		{9B965AFF-BC57-7E75-45CC-9ABD383C5809}.Release|Any CPU.ActiveCfg = Release|Any CPU
		{9B965AFF-BC57-7E75-45CC-9ABD383C5809}.Release|Any CPU.Build.0 = Release|Any CPU
		{D87CB515-DEF2-5600-3A46-F8DF0C49B533}.Debug|Any CPU.ActiveCfg = Debug|Any CPU
		{D87CB515-DEF2-5600-3A46-F8DF0C49B533}.Debug|Any CPU.Build.0 = Debug|Any CPU
		{D87CB515-DEF2-5600-3A46-F8DF0C49B533}.Release|Any CPU.ActiveCfg = Release|Any CPU
		{D87CB515-DEF2-5600-3A46-F8DF0C49B533}.Release|Any CPU.Build.0 = Release|Any CPU
		{36655036-342B-55C3-A62F-F9FF1210D83F}.Debug|Any CPU.ActiveCfg = Debug|Any CPU
		{36655036-342B-55C3-A62F-F9FF1210D83F}.Debug|Any CPU.Build.0 = Debug|Any CPU
		{36655036-342B-55C3-A62F-F9FF1210D83F}.Release|Any CPU.ActiveCfg = Release|Any CPU
		{36655036-342B-55C3-A62F-F9FF1210D83F}.Release|Any CPU.Build.0 = Release|Any CPU
		{D24243E0-9880-87EB-4527-5DAC30468D22}.Debug|Any CPU.ActiveCfg = Debug|Any CPU
		{D24243E0-9880-87EB-4527-5DAC30468D22}.Debug|Any CPU.Build.0 = Debug|Any CPU
		{D24243E0-9880-87EB-4527-5DAC30468D22}.Release|Any CPU.ActiveCfg = Release|Any CPU
		{D24243E0-9880-87EB-4527-5DAC30468D22}.Release|Any CPU.Build.0 = Release|Any CPU
	EndGlobalSection
	GlobalSection(SolutionProperties) = preSolution
		HideSolutionNode = FALSE
	EndGlobalSection
EndGlobal
